
Microsoft Visual Studio Solution File, Format Version 12.00
# Visual Studio Version 17
VisualStudioVersion = 17.1.32421.90
MinimumVisualStudioVersion = 10.0.40219.1
Project("{9A19103F-16F7-4668-BE54-9A1E7A4F7556}") = "QuickEncrypt", "QuickEncrypt\QuickEncrypt.csproj", "{938C205D-6430-4EC3-B84D-115E10A7AD62}"
EndProject
Project("{FAE04EC0-301F-11D3-BF4B-00C04F79EFBC}") = "Tests", "Tests\Tests.csproj", "{702C44A8-6ED0-4484-BA6F-5202E2D93CE3}"
EndProject
Global
	GlobalSection(SolutionConfigurationPlatforms) = preSolution
		Debug|Any CPU = Debug|Any CPU
		Release|Any CPU = Release|Any CPU
	EndGlobalSection
	GlobalSection(ProjectConfigurationPlatforms) = postSolution
		{938C205D-6430-4EC3-B84D-115E10A7AD62}.Debug|Any CPU.ActiveCfg = Debug|Any CPU
		{938C205D-6430-4EC3-B84D-115E10A7AD62}.Debug|Any CPU.Build.0 = Debug|Any CPU
		{938C205D-6430-4EC3-B84D-115E10A7AD62}.Release|Any CPU.ActiveCfg = Release|Any CPU
		{938C205D-6430-4EC3-B84D-115E10A7AD62}.Release|Any CPU.Build.0 = Release|Any CPU
		{702C44A8-6ED0-4484-BA6F-5202E2D93CE3}.Debug|Any CPU.ActiveCfg = Debug|Any CPU
		{702C44A8-6ED0-4484-BA6F-5202E2D93CE3}.Debug|Any CPU.Build.0 = Debug|Any CPU
		{702C44A8-6ED0-4484-BA6F-5202E2D93CE3}.Release|Any CPU.ActiveCfg = Release|Any CPU
		{702C44A8-6ED0-4484-BA6F-5202E2D93CE3}.Release|Any CPU.Build.0 = Release|Any CPU
	EndGlobalSection
	GlobalSection(SolutionProperties) = preSolution
		HideSolutionNode = FALSE
	EndGlobalSection
	GlobalSection(ExtensibilityGlobals) = postSolution
		SolutionGuid = {2CE3FD1B-620D-418D-906A-F05CBC229C2E}
	EndGlobalSection
EndGlobal
